# This file is automatically @generated by Cargo.
# It is not intended for manual editing.
[[package]]
name = "mcsapp-motion-tracker"
version = "0.1.0"

[[package]]
name = "mcslib-common"
version = "0.1.0"

[[package]]
name = "mcslib-opencv"
version = "0.1.0"

[[package]]
name = "mcslib-protocol"
version = "0.1.0"

[[package]]
name = "mcslib-udp"
version = "0.1.0"

